<?xml version="1.0" encoding="utf-8"?>
<Project ToolsVersion="4.0" xmlns="http://schemas.microsoft.com/developer/msbuild/2003">
  <ItemGroup>
    <Filter Include="Source Files">
      <UniqueIdentifier>{4FC737F1-C7A5-4376-A066-2A32D752A2FF}</UniqueIdentifier>
      <Extensions>cpp;c;cc;cxx;c++;cppm;ixx;def;odl;idl;hpj;bat;asm;asmx</Extensions>
    </Filter>
    <Filter Include="Header Files">
      <UniqueIdentifier>{93995380-89BD-4b04-88EB-625FBE52EBFB}</UniqueIdentifier>
      <Extensions>h;hh;hpp;hxx;h++;hm;inl;inc;ipp;xsd</Extensions>
    </Filter>
    <Filter Include="Resource Files">
      <UniqueIdentifier>{67DA6AB6-F800-4c08-8B7A-83BB121AAD01}</UniqueIdentifier>
      <Extensions>rc;ico;cur;bmp;dlg;rc2;rct;bin;rgs;gif;jpg;jpeg;jpe;resx;tiff;tif;png;wav;mfcribbon-ms</Extensions>
    </Filter>
  </ItemGroup>
  <ItemGroup>
    <ClCompile Include="RAB_RTS_2_prototype_1.cpp">
      <Filter>Source Files</Filter>
    </ClCompile>
    <ClCompile Include="Vector2.cpp">
      <Filter>Source Files</Filter>
    </ClCompile>
    <ClCompile Include="World.cpp">
      <Filter>Source Files</Filter>
    </ClCompile>
    <ClCompile Include="GameEngine.cpp">
      <Filter>Source Files</Filter>
    </ClCompile>
    <ClCompile Include="GameIO.cpp">
      <Filter>Source Files</Filter>
    </ClCompile>
    <ClCompile Include="RRTexture.cpp">
      <Filter>Source Files</Filter>
    </ClCompile>
    <ClCompile Include="RRTextureManager.cpp">
      <Filter>Source Files</Filter>
    </ClCompile>
    <ClCompile Include="GameFIO.cpp">
      <Filter>Source Files</Filter>
    </ClCompile>
    <ClCompile Include="Player.cpp">
      <Filter>Source Files</Filter>
    </ClCompile>
    <ClCompile Include="RRGamePlay.cpp">
      <Filter>Source Files</Filter>
    </ClCompile>
    <ClCompile Include="Rectangle.cpp">
      <Filter>Source Files</Filter>
    </ClCompile>
    <ClCompile Include="PlayerOutput.cpp">
      <Filter>Source Files</Filter>
    </ClCompile>
    <ClCompile Include="HasHP.cpp">
      <Filter>Source Files</Filter>
    </ClCompile>
    <ClCompile Include="Pathfinder.cpp">
      <Filter>Source Files</Filter>
    </ClCompile>
    <ClCompile Include="MoveAnimation.cpp">
      <Filter>Source Files</Filter>
    </ClCompile>
    <ClCompile Include="Worker.cpp">
      <Filter>Source Files</Filter>
    </ClCompile>
    <ClCompile Include="Tank.cpp">
      <Filter>Source Files</Filter>
    </ClCompile>
    <ClCompile Include="ContextMenu.cpp">
      <Filter>Source Files</Filter>
    </ClCompile>
    <ClCompile Include="MoveAbility.cpp">
      <Filter>Source Files</Filter>
    </ClCompile>
    <ClCompile Include="WorkerContextMenu.cpp">
      <Filter>Source Files</Filter>
    </ClCompile>
    <ClCompile Include="Circle.cpp">
      <Filter>Source Files</Filter>
    </ClCompile>
    <ClCompile Include="PlayerTreasures.cpp">
      <Filter>Source Files</Filter>
    </ClCompile>
    <ClCompile Include="ContentField.cpp">
      <Filter>Source Files</Filter>
    </ClCompile>
    <ClCompile Include="RRTextOutput2.cpp">
      <Filter>Source Files</Filter>
    </ClCompile>
    <ClCompile Include="Scout.cpp">
      <Filter>Source Files</Filter>
    </ClCompile>
    <ClCompile Include="ResourceContextMenu.cpp">
      <Filter>Source Files</Filter>
    </ClCompile>
    <ClCompile Include="HasTexture.cpp">
      <Filter>Source Files</Filter>
    </ClCompile>
    <ClCompile Include="Unit.cpp">
      <Filter>Source Files</Filter>
    </ClCompile>
    <ClCompile Include="Resource.cpp">
      <Filter>Source Files</Filter>
    </ClCompile>
    <ClCompile Include="Building.cpp">
      <Filter>Source Files</Filter>
    </ClCompile>
    <ClCompile Include="HasMovePoints.cpp">
      <Filter>Source Files</Filter>
    </ClCompile>
    <ClCompile Include="HasMaster.cpp">
      <Filter>Source Files</Filter>
    </ClCompile>
    <ClCompile Include="HasTask.cpp">
      <Filter>Source Files</Filter>
    </ClCompile>
    <ClCompile Include="Task.cpp">
      <Filter>Source Files</Filter>
    </ClCompile>
    <ClCompile Include="GameIO_SDL.cpp">
      <Filter>Source Files</Filter>
    </ClCompile>
    <ClCompile Include="PlayerData.cpp">
      <Filter>Source Files</Filter>
    </ClCompile>
    <ClCompile Include="SelectedObject.cpp">
      <Filter>Source Files</Filter>
    </ClCompile>
    <ClCompile Include="TreasureFields.cpp">
      <Filter>Source Files</Filter>
    </ClCompile>
    <ClCompile Include="Camera.cpp">
      <Filter>Source Files</Filter>
    </ClCompile>
    <ClCompile Include="PlayerContextMenus.cpp">
      <Filter>Source Files</Filter>
    </ClCompile>
    <ClCompile Include="MovingObjectQueue.cpp">
      <Filter>Source Files</Filter>
    </ClCompile>
    <ClCompile Include="SelectPlace.cpp">
      <Filter>Source Files</Filter>
    </ClCompile>
    <ClCompile Include="ObjectsFactory.cpp">
      <Filter>Source Files</Filter>
    </ClCompile>
    <ClCompile Include="PlayerResearches.cpp">
      <Filter>Source Files</Filter>
    </ClCompile>
    <ClCompile Include="UnderConstruction.cpp">
      <Filter>Source Files</Filter>
    </ClCompile>
    <ClCompile Include="HouseContextMenu.cpp">
      <Filter>Source Files</Filter>
    </ClCompile>
    <ClCompile Include="House.cpp">
      <Filter>Source Files</Filter>
    </ClCompile>
  </ItemGroup>
  <ItemGroup>
    <ClInclude Include="Actor.h">
      <Filter>Header Files</Filter>
    </ClInclude>
    <ClInclude Include="Building.h">
      <Filter>Header Files</Filter>
    </ClInclude>
    <ClInclude Include="Cell.h">
      <Filter>Header Files</Filter>
    </ClInclude>
    <ClInclude Include="Resource.h">
      <Filter>Header Files</Filter>
    </ClInclude>
    <ClInclude Include="Unit.h">
      <Filter>Header Files</Filter>
    </ClInclude>
    <ClInclude Include="Vector2.h">
      <Filter>Header Files</Filter>
    </ClInclude>
    <ClInclude Include="World.h">
      <Filter>Header Files</Filter>
    </ClInclude>
    <ClInclude Include="GameEngine.h">
      <Filter>Header Files</Filter>
    </ClInclude>
    <ClInclude Include="GameIO.h">
      <Filter>Header Files</Filter>
    </ClInclude>
    <ClInclude Include="RRTexture.h">
      <Filter>Header Files</Filter>
    </ClInclude>
    <ClInclude Include="RRTextureManager.h">
      <Filter>Header Files</Filter>
    </ClInclude>
    <ClInclude Include="HasMaster.h">
      <Filter>Header Files</Filter>
    </ClInclude>
    <ClInclude Include="HasHP.h">
      <Filter>Header Files</Filter>
    </ClInclude>
    <ClInclude Include="Rectangle.h">
      <Filter>Header Files</Filter>
    </ClInclude>
    <ClInclude Include="RRColor.h">
      <Filter>Header Files</Filter>
    </ClInclude>
    <ClInclude Include="GameFIO.h">
      <Filter>Header Files</Filter>
    </ClInclude>
    <ClInclude Include="KeyboardState.h">
      <Filter>Header Files</Filter>
    </ClInclude>
    <ClInclude Include="Player.h">
      <Filter>Header Files</Filter>
    </ClInclude>
    <ClInclude Include="RRGamePlay.h">
      <Filter>Header Files</Filter>
    </ClInclude>
    <ClInclude Include="HasTexture.h">
      <Filter>Header Files</Filter>
    </ClInclude>
    <ClInclude Include="PlayerOutput.h">
      <Filter>Header Files</Filter>
    </ClInclude>
    <ClInclude Include="HasVisibility.h">
      <Filter>Header Files</Filter>
    </ClInclude>
    <ClInclude Include="HasMovePoints.h">
      <Filter>Header Files</Filter>
    </ClInclude>
    <ClInclude Include="Pathfinder.h">
      <Filter>Header Files</Filter>
    </ClInclude>
    <ClInclude Include="MoveAnimation.h">
      <Filter>Header Files</Filter>
    </ClInclude>
    <ClInclude Include="Node.h">
      <Filter>Header Files</Filter>
    </ClInclude>
    <ClInclude Include="Worker.h">
      <Filter>Header Files</Filter>
    </ClInclude>
    <ClInclude Include="Scout.h">
      <Filter>Header Files</Filter>
    </ClInclude>
    <ClInclude Include="Tank.h">
      <Filter>Header Files</Filter>
    </ClInclude>
    <ClInclude Include="HasUnitTexture.h">
      <Filter>Header Files</Filter>
    </ClInclude>
    <ClInclude Include="Direction.h">
      <Filter>Header Files</Filter>
    </ClInclude>
    <ClInclude Include="ContextMenu.h">
      <Filter>Header Files</Filter>
    </ClInclude>
    <ClInclude Include="ResourceContextMenu.h">
      <Filter>Header Files</Filter>
    </ClInclude>
    <ClInclude Include="BuildingContextMenu.h">
      <Filter>Header Files</Filter>
    </ClInclude>
    <ClInclude Include="UnitContextMenu.h">
      <Filter>Header Files</Filter>
    </ClInclude>
    <ClInclude Include="MoveAbility.h">
      <Filter>Header Files</Filter>
    </ClInclude>
    <ClInclude Include="WorkerContextMenu.h">
      <Filter>Header Files</Filter>
    </ClInclude>
    <ClInclude Include="Circle.h">
      <Filter>Header Files</Filter>
    </ClInclude>
    <ClInclude Include="RRMouse.h">
      <Filter>Header Files</Filter>
    </ClInclude>
    <ClInclude Include="ContentField.h">
      <Filter>Header Files</Filter>
    </ClInclude>
    <ClInclude Include="PlayerTreasures.h">
      <Filter>Header Files</Filter>
    </ClInclude>
    <ClInclude Include="RRTextOutput2.h">
      <Filter>Header Files</Filter>
    </ClInclude>
    <ClInclude Include="Factory.h">
      <Filter>Header Files</Filter>
    </ClInclude>
    <ClInclude Include="House.h">
      <Filter>Header Files</Filter>
    </ClInclude>
    <ClInclude Include="Spaceport.h">
      <Filter>Header Files</Filter>
    </ClInclude>
    <ClInclude Include="HasTask.h">
      <Filter>Header Files</Filter>
    </ClInclude>
    <ClInclude Include="Task.h">
      <Filter>Header Files</Filter>
    </ClInclude>
    <ClInclude Include="TaskMove.h">
      <Filter>Header Files</Filter>
    </ClInclude>
    <ClInclude Include="TaskBuild.h">
      <Filter>Header Files</Filter>
    </ClInclude>
    <ClInclude Include="GameIO_SDL.h">
      <Filter>Header Files</Filter>
    </ClInclude>
    <ClInclude Include="PlayerData.h">
      <Filter>Header Files</Filter>
    </ClInclude>
    <ClInclude Include="Price.h">
      <Filter>Header Files</Filter>
    </ClInclude>
    <ClInclude Include="SelectedObject.h">
      <Filter>Header Files</Filter>
    </ClInclude>
    <ClInclude Include="TreasureFields.h">
      <Filter>Header Files</Filter>
    </ClInclude>
    <ClInclude Include="Camera.h">
      <Filter>Header Files</Filter>
    </ClInclude>
    <ClInclude Include="PlayerContextMenus.h">
      <Filter>Header Files</Filter>
    </ClInclude>
    <ClInclude Include="MovingObjectsQueue.h">
      <Filter>Header Files</Filter>
    </ClInclude>
    <ClInclude Include="SelectPlace.h">
      <Filter>Header Files</Filter>
    </ClInclude>
    <ClInclude Include="ObjectsFactory.h">
      <Filter>Header Files</Filter>
    </ClInclude>
    <ClInclude Include="BuildingType.h">
      <Filter>Header Files</Filter>
    </ClInclude>
    <ClInclude Include="UnitType.h">
      <Filter>Header Files</Filter>
    </ClInclude>
    <ClInclude Include="ResourceType.h">
      <Filter>Header Files</Filter>
    </ClInclude>
    <ClInclude Include="PlayerResearches.h">
      <Filter>Header Files</Filter>
    </ClInclude>
    <ClInclude Include="UnderConstruction.h">
      <Filter>Header Files</Filter>
    </ClInclude>
    <ClInclude Include="Objects.h">
      <Filter>Header Files</Filter>
    </ClInclude>
    <ClInclude Include="HouseContextMenu.h">
      <Filter>Header Files</Filter>
    </ClInclude>
    <ClInclude Include="ProgressBar.h">
      <Filter>Header Files</Filter>
    </ClInclude>
    <ClInclude Include="TextureType.h">
      <Filter>Header Files</Filter>
    </ClInclude>
    <ClInclude Include="ContextMenuItem.h">
      <Filter>Header Files</Filter>
    </ClInclude>
    <ClInclude Include="TaskProduce.h">
      <Filter>Header Files</Filter>
    </ClInclude>
    <ClInclude Include="ObjectType.h">
      <Filter>Header Files</Filter>
    </ClInclude>
  </ItemGroup>
</Project>